{
  "name": "map-project",
  "version": "1.0.0",
  "lockfileVersion": 2,
  "requires": true,
  "packages": {
    "": {
      "name": "map-project",
      "version": "1.0.0",
      "license": "ISC",
      "dependencies": {
        "@types/faker": "^4.1.5",
        "@types/google.maps": "^3.53.5",
        "@types/googlemaps": "^3.43.3",
        "faker": "^4.1.0"
      },
      "devDependencies": {
        "typescript": "^3.9.10"
      }
    },
    "node_modules/@types/faker": {
      "version": "4.1.5",
      "resolved": "https://registry.npmjs.org/@types/faker/-/faker-4.1.5.tgz",
      "integrity": "sha512-YSDqoBEWYGdNk53xSkkb6REaUaVSlIjxIAGjj/nbLzlZOit7kUU+nA2zC2qQkIVO4MQ+3zl4Sz7aw+kbpHHHUQ=="
    },
    "node_modules/@types/google.maps": {
      "version": "3.53.5",
      "resolved": "https://registry.npmjs.org/@types/google.maps/-/google.maps-3.53.5.tgz",
      "integrity": "sha512-HoRq4Te8J6krH7hj+TfdYepqegoKZCj3kkaK5gf+ySFSHLvyqYkDvkrtbcVJXQ6QBphQ0h1TF7p4J6sOh4r/zg=="
    },
    "node_modules/@types/googlemaps": {
      "version": "3.43.3",
      "resolved": "https://registry.npmjs.org/@types/googlemaps/-/googlemaps-3.43.3.tgz",
      "integrity": "sha512-ZWNoz/O8MPEpiajvj7QiqCY8tTLFNqNZ/a+s+zTV58wFVNAvvqV4bdGfnsjTb5Cs4V6wEsLrX8XRhmnyYJ2Tdg==",
      "deprecated": "Types for the Google Maps browser API have moved to @types/google.maps. Note: these types are not for the googlemaps npm package, which is a Node API."
    },
    "node_modules/faker": {
      "version": "4.1.0",
      "resolved": "https://registry.npmjs.org/faker/-/faker-4.1.0.tgz",
      "integrity": "sha1-HkW7vsxndLPBlfrSg1EJxtdIzD8="
    },
    "node_modules/typescript": {
      "version": "3.9.10",
      "resolved": "https://registry.npmjs.org/typescript/-/typescript-3.9.10.tgz",
      "integrity": "sha512-w6fIxVE/H1PkLKcCPsFqKE7Kv7QUwhU8qQY2MueZXWx5cPZdwFupLgKK3vntcK98BtNHZtAF4LA/yl2a7k8R6Q==",
      "dev": true,
      "bin": {
        "tsc": "bin/tsc",
        "tsserver": "bin/tsserver"
      },
      "engines": {
        "node": ">=4.2.0"
      }
    }
  },
  "dependencies": {
    "@types/faker": {
      "version": "4.1.5",
      "resolved": "https://registry.npmjs.org/@types/faker/-/faker-4.1.5.tgz",
      "integrity": "sha512-YSDqoBEWYGdNk53xSkkb6REaUaVSlIjxIAGjj/nbLzlZOit7kUU+nA2zC2qQkIVO4MQ+3zl4Sz7aw+kbpHHHUQ=="
    },
    "@types/google.maps": {
      "version": "3.53.5",
      "resolved": "https://registry.npmjs.org/@types/google.maps/-/google.maps-3.53.5.tgz",
      "integrity": "sha512-HoRq4Te8J6krH7hj+TfdYepqegoKZCj3kkaK5gf+ySFSHLvyqYkDvkrtbcVJXQ6QBphQ0h1TF7p4J6sOh4r/zg=="
    },
    "@types/googlemaps": {
      "version": "3.43.3",
      "resolved": "https://registry.npmjs.org/@types/googlemaps/-/googlemaps-3.43.3.tgz",
      "integrity": "sha512-ZWNoz/O8MPEpiajvj7QiqCY8tTLFNqNZ/a+s+zTV58wFVNAvvqV4bdGfnsjTb5Cs4V6wEsLrX8XRhmnyYJ2Tdg=="
    },
    "faker": {
      "version": "4.1.0",
      "resolved": "https://registry.npmjs.org/faker/-/faker-4.1.0.tgz",
      "integrity": "sha1-HkW7vsxndLPBlfrSg1EJxtdIzD8="
    },
    "typescript": {
      "version": "3.9.10",
      "resolved": "https://registry.npmjs.org/typescript/-/typescript-3.9.10.tgz",
      "integrity": "sha512-w6fIxVE/H1PkLKcCPsFqKE7Kv7QUwhU8qQY2MueZXWx5cPZdwFupLgKK3vntcK98BtNHZtAF4LA/yl2a7k8R6Q==",
      "dev": true
    }
  }
}
